// !$*UTF8*$!
{
	archiveVersion = 1;
	classes = {
	};
	objectVersion = 50;
	objects = {

/* Begin PBXBuildFile section */
		78177403274555810014B831 /* AppDelegate.swift in Sources */ = {isa = PBXBuildFile; fileRef = 78177402274555810014B831 /* AppDelegate.swift */; };
		78177407274555810014B831 /* MainVC.swift in Sources */ = {isa = PBXBuildFile; fileRef = 78177406274555810014B831 /* MainVC.swift */; };
		7817740A274555810014B831 /* Main.storyboard in Resources */ = {isa = PBXBuildFile; fileRef = 78177408274555810014B831 /* Main.storyboard */; };
		7817740C274555850014B831 /* Assets.xcassets in Resources */ = {isa = PBXBuildFile; fileRef = 7817740B274555850014B831 /* Assets.xcassets */; };
		7817740F274555850014B831 /* LaunchScreen.storyboard in Resources */ = {isa = PBXBuildFile; fileRef = 7817740D274555850014B831 /* LaunchScreen.storyboard */; };
		7817741D274650290014B831 /* WeatherResponce.swift in Sources */ = {isa = PBXBuildFile; fileRef = 7817741C274650290014B831 /* WeatherResponce.swift */; };
		7817741F274656F50014B831 /* NetworkService.swift in Sources */ = {isa = PBXBuildFile; fileRef = 7817741E274656F50014B831 /* NetworkService.swift */; };
		78177421274671130014B831 /* MainViewPresenter.swift in Sources */ = {isa = PBXBuildFile; fileRef = 78177420274671130014B831 /* MainViewPresenter.swift */; };
		78177426274684FA0014B831 /* CurrentWeatherTableViewCell.xib in Resources */ = {isa = PBXBuildFile; fileRef = 78177424274684FA0014B831 /* CurrentWeatherTableViewCell.xib */; };
		7817742727468A710014B831 /* CurrentWeatherTableViewCell.swift in Sources */ = {isa = PBXBuildFile; fileRef = 78177423274684FA0014B831 /* CurrentWeatherTableViewCell.swift */; };
		7817742927468C240014B831 /* ModuleBuilder.swift in Sources */ = {isa = PBXBuildFile; fileRef = 7817742827468C240014B831 /* ModuleBuilder.swift */; };
		7817742A27468DAE0014B831 /* SceneDelegate.swift in Sources */ = {isa = PBXBuildFile; fileRef = 78177404274555810014B831 /* SceneDelegate.swift */; };
		7817742E274691B20014B831 /* MainVC.xib in Resources */ = {isa = PBXBuildFile; fileRef = 7817742D274691B20014B831 /* MainVC.xib */; };
/* End PBXBuildFile section */

/* Begin PBXFileReference section */
		781773FF274555810014B831 /* Weather.app */ = {isa = PBXFileReference; explicitFileType = wrapper.application; includeInIndex = 0; path = Weather.app; sourceTree = BUILT_PRODUCTS_DIR; };
		78177402274555810014B831 /* AppDelegate.swift */ = {isa = PBXFileReference; lastKnownFileType = sourcecode.swift; path = AppDelegate.swift; sourceTree = "<group>"; };
		78177404274555810014B831 /* SceneDelegate.swift */ = {isa = PBXFileReference; lastKnownFileType = sourcecode.swift; path = SceneDelegate.swift; sourceTree = "<group>"; };
		78177406274555810014B831 /* MainVC.swift */ = {isa = PBXFileReference; lastKnownFileType = sourcecode.swift; path = MainVC.swift; sourceTree = "<group>"; };
		78177409274555810014B831 /* Base */ = {isa = PBXFileReference; lastKnownFileType = file.storyboard; name = Base; path = Base.lproj/Main.storyboard; sourceTree = "<group>"; };
		7817740B274555850014B831 /* Assets.xcassets */ = {isa = PBXFileReference; lastKnownFileType = folder.assetcatalog; path = Assets.xcassets; sourceTree = "<group>"; };
		7817740E274555850014B831 /* Base */ = {isa = PBXFileReference; lastKnownFileType = file.storyboard; name = Base; path = Base.lproj/LaunchScreen.storyboard; sourceTree = "<group>"; };
		78177410274555850014B831 /* Info.plist */ = {isa = PBXFileReference; lastKnownFileType = text.plist.xml; path = Info.plist; sourceTree = "<group>"; };
		7817741C274650290014B831 /* WeatherResponce.swift */ = {isa = PBXFileReference; lastKnownFileType = sourcecode.swift; path = WeatherResponce.swift; sourceTree = "<group>"; };
		7817741E274656F50014B831 /* NetworkService.swift */ = {isa = PBXFileReference; lastKnownFileType = sourcecode.swift; path = NetworkService.swift; sourceTree = "<group>"; };
		78177420274671130014B831 /* MainViewPresenter.swift */ = {isa = PBXFileReference; lastKnownFileType = sourcecode.swift; path = MainViewPresenter.swift; sourceTree = "<group>"; };
		78177423274684FA0014B831 /* CurrentWeatherTableViewCell.swift */ = {isa = PBXFileReference; lastKnownFileType = sourcecode.swift; path = CurrentWeatherTableViewCell.swift; sourceTree = "<group>"; };
		78177424274684FA0014B831 /* CurrentWeatherTableViewCell.xib */ = {isa = PBXFileReference; lastKnownFileType = file.xib; path = CurrentWeatherTableViewCell.xib; sourceTree = "<group>"; };
		7817742827468C240014B831 /* ModuleBuilder.swift */ = {isa = PBXFileReference; lastKnownFileType = sourcecode.swift; path = ModuleBuilder.swift; sourceTree = "<group>"; };
		7817742D274691B20014B831 /* MainVC.xib */ = {isa = PBXFileReference; lastKnownFileType = file.xib; path = MainVC.xib; sourceTree = "<group>"; };
/* End PBXFileReference section */

/* Begin PBXFrameworksBuildPhase section */
		781773FC274555810014B831 /* Frameworks */ = {
			isa = PBXFrameworksBuildPhase;
			buildActionMask = 2147483647;
			files = (
			);
			runOnlyForDeploymentPostprocessing = 0;
		};
/* End PBXFrameworksBuildPhase section */

/* Begin PBXGroup section */
		781773F6274555810014B831 = {
			isa = PBXGroup;
			children = (
				78177401274555810014B831 /* Weather */,
				78177400274555810014B831 /* Products */,
			);
			sourceTree = "<group>";
		};
		78177400274555810014B831 /* Products */ = {
			isa = PBXGroup;
			children = (
				781773FF274555810014B831 /* Weather.app */,
			);
			name = Products;
			sourceTree = "<group>";
		};
		78177401274555810014B831 /* Weather */ = {
			isa = PBXGroup;
			children = (
				781774162746477A0014B831 /* App */,
				78177417274647850014B831 /* Resource */,
				781774182746479C0014B831 /* Services */,
				7817741B274648420014B831 /* Models */,
				78177419274647B70014B831 /* Screens */,
				7817740D274555850014B831 /* LaunchScreen.storyboard */,
				78177410274555850014B831 /* Info.plist */,
			);
			path = Weather;
			sourceTree = "<group>";
		};
		781774162746477A0014B831 /* App */ = {
			isa = PBXGroup;
			children = (
				78177402274555810014B831 /* AppDelegate.swift */,
				78177404274555810014B831 /* SceneDelegate.swift */,
			);
			path = App;
			sourceTree = "<group>";
		};
		78177417274647850014B831 /* Resource */ = {
			isa = PBXGroup;
			children = (
				7817740B274555850014B831 /* Assets.xcassets */,
			);
			path = Resource;
			sourceTree = "<group>";
		};
		781774182746479C0014B831 /* Services */ = {
			isa = PBXGroup;
			children = (
				7817741E274656F50014B831 /* NetworkService.swift */,
				7817742827468C240014B831 /* ModuleBuilder.swift */,
			);
			path = Services;
			sourceTree = "<group>";
		};
		78177419274647B70014B831 /* Screens */ = {
			isa = PBXGroup;
			children = (
				7817741A274647FE0014B831 /* MainVC */,
				78177408274555810014B831 /* Main.storyboard */,
			);
			path = Screens;
			sourceTree = "<group>";
		};
		7817741A274647FE0014B831 /* MainVC */ = {
			isa = PBXGroup;
			children = (
				78177422274684B90014B831 /* Cells */,
				78177406274555810014B831 /* MainVC.swift */,
				78177420274671130014B831 /* MainViewPresenter.swift */,
				7817742D274691B20014B831 /* MainVC.xib */,
			);
			path = MainVC;
			sourceTree = "<group>";
		};
		7817741B274648420014B831 /* Models */ = {
			isa = PBXGroup;
			children = (
				7817741C274650290014B831 /* WeatherResponce.swift */,
			);
			path = Models;
			sourceTree = "<group>";
		};
		78177422274684B90014B831 /* Cells */ = {
			isa = PBXGroup;
			children = (
				78177423274684FA0014B831 /* CurrentWeatherTableViewCell.swift */,
				78177424274684FA0014B831 /* CurrentWeatherTableViewCell.xib */,
			);
			path = Cells;
			sourceTree = "<group>";
		};
/* End PBXGroup section */

/* Begin PBXNativeTarget section */
		781773FE274555810014B831 /* Weather */ = {
			isa = PBXNativeTarget;
			buildConfigurationList = 78177413274555850014B831 /* Build configuration list for PBXNativeTarget "Weather" */;
			buildPhases = (
				781773FB274555810014B831 /* Sources */,
				781773FC274555810014B831 /* Frameworks */,
				781773FD274555810014B831 /* Resources */,
			);
			buildRules = (
			);
			dependencies = (
			);
			name = Weather;
			productName = Weather;
			productReference = 781773FF274555810014B831 /* Weather.app */;
			productType = "com.apple.product-type.application";
		};
/* End PBXNativeTarget section */

/* Begin PBXProject section */
		781773F7274555810014B831 /* Project object */ = {
			isa = PBXProject;
			attributes = {
				LastSwiftUpdateCheck = 1250;
				LastUpgradeCheck = 1250;
				TargetAttributes = {
					781773FE274555810014B831 = {
						CreatedOnToolsVersion = 12.5.1;
					};
				};
			};
			buildConfigurationList = 781773FA274555810014B831 /* Build configuration list for PBXProject "Weather" */;
			compatibilityVersion = "Xcode 9.3";
			developmentRegion = en;
			hasScannedForEncodings = 0;
			knownRegions = (
				en,
				Base,
			);
			mainGroup = 781773F6274555810014B831;
			productRefGroup = 78177400274555810014B831 /* Products */;
			projectDirPath = "";
			projectRoot = "";
			targets = (
				781773FE274555810014B831 /* Weather */,
			);
		};
/* End PBXProject section */

/* Begin PBXResourcesBuildPhase section */
		781773FD274555810014B831 /* Resources */ = {
			isa = PBXResourcesBuildPhase;
			buildActionMask = 2147483647;
			files = (
				7817742E274691B20014B831 /* MainVC.xib in Resources */,
				7817740F274555850014B831 /* LaunchScreen.storyboard in Resources */,
				7817740C274555850014B831 /* Assets.xcassets in Resources */,
				78177426274684FA0014B831 /* CurrentWeatherTableViewCell.xib in Resources */,
				7817740A274555810014B831 /* Main.storyboard in Resources */,
			);
			runOnlyForDeploymentPostprocessing = 0;
		};
/* End PBXResourcesBuildPhase section */

/* Begin PBXSourcesBuildPhase section */
		781773FB274555810014B831 /* Sources */ = {
			isa = PBXSourcesBuildPhase;
			buildActionMask = 2147483647;
			files = (
				7817741F274656F50014B831 /* NetworkService.swift in Sources */,
				78177407274555810014B831 /* MainVC.swift in Sources */,
				78177421274671130014B831 /* MainViewPresenter.swift in Sources */,
				7817742927468C240014B831 /* ModuleBuilder.swift in Sources */,
				78177403274555810014B831 /* AppDelegate.swift in Sources */,
				7817742727468A710014B831 /* CurrentWeatherTableViewCell.swift in Sources */,
				7817741D274650290014B831 /* WeatherResponce.swift in Sources */,
				7817742A27468DAE0014B831 /* SceneDelegate.swift in Sources */,
			);
			runOnlyForDeploymentPostprocessing = 0;
		};
/* End PBXSourcesBuildPhase section */

/* Begin PBXVariantGroup section */
		78177408274555810014B831 /* Main.storyboard */ = {
			isa = PBXVariantGroup;
			children = (
				78177409274555810014B831 /* Base */,
			);
			name = Main.storyboard;
			sourceTree = "<group>";
		};
		7817740D274555850014B831 /* LaunchScreen.storyboard */ = {
			isa = PBXVariantGroup;
			children = (
				7817740E274555850014B831 /* Base */,
			);
			name = LaunchScreen.storyboard;
			sourceTree = "<group>";
		};
/* End PBXVariantGroup section */

/* Begin XCBuildConfiguration section */
		78177411274555850014B831 /* Debug */ = {
			isa = XCBuildConfiguration;
			buildSettings = {
				ALWAYS_SEARCH_USER_PATHS = NO;
				CLANG_ANALYZER_NONNULL = YES;
				CLANG_ANALYZER_NUMBER_OBJECT_CONVERSION = YES_AGGRESSIVE;
				CLANG_CXX_LANGUAGE_STANDARD = "gnu++14";
				CLANG_CXX_LIBRARY = "libc++";
				CLANG_ENABLE_MODULES = YES;
				CLANG_ENABLE_OBJC_ARC = YES;
				CLANG_ENABLE_OBJC_WEAK = YES;
				CLANG_WARN_BLOCK_CAPTURE_AUTORELEASING = YES;
				CLANG_WARN_BOOL_CONVERSION = YES;
				CLANG_WARN_COMMA = YES;
				CLANG_WARN_CONSTANT_CONVERSION = YES;
				CLANG_WARN_DEPRECATED_OBJC_IMPLEMENTATIONS = YES;
				CLANG_WARN_DIRECT_OBJC_ISA_USAGE = YES_ERROR;
				CLANG_WARN_DOCUMENTATION_COMMENTS = YES;
				CLANG_WARN_EMPTY_BODY = YES;
				CLANG_WARN_ENUM_CONVERSION = YES;
				CLANG_WARN_INFINITE_RECURSION = YES;
				CLANG_WARN_INT_CONVERSION = YES;
				CLANG_WARN_NON_LITERAL_NULL_CONVERSION = YES;
				CLANG_WARN_OBJC_IMPLICIT_RETAIN_SELF = YES;
				CLANG_WARN_OBJC_LITERAL_CONVERSION = YES;
				CLANG_WARN_OBJC_ROOT_CLASS = YES_ERROR;
				CLANG_WARN_QUOTED_INCLUDE_IN_FRAMEWORK_HEADER = YES;
				CLANG_WARN_RANGE_LOOP_ANALYSIS = YES;
				CLANG_WARN_STRICT_PROTOTYPES = YES;
				CLANG_WARN_SUSPICIOUS_MOVE = YES;
				CLANG_WARN_UNGUARDED_AVAILABILITY = YES_AGGRESSIVE;
				CLANG_WARN_UNREACHABLE_CODE = YES;
				CLANG_WARN__DUPLICATE_METHOD_MATCH = YES;
				COPY_PHASE_STRIP = NO;
				DEBUG_INFORMATION_FORMAT = dwarf;
				ENABLE_STRICT_OBJC_MSGSEND = YES;
				ENABLE_TESTABILITY = YES;
				GCC_C_LANGUAGE_STANDARD = gnu11;
				GCC_DYNAMIC_NO_PIC = NO;
				GCC_NO_COMMON_BLOCKS = YES;
				GCC_OPTIMIZATION_LEVEL = 0;
				GCC_PREPROCESSOR_DEFINITIONS = (
					"DEBUG=1",
					"$(inherited)",
				);
				GCC_WARN_64_TO_32_BIT_CONVERSION = YES;
				GCC_WARN_ABOUT_RETURN_TYPE = YES_ERROR;
				GCC_WARN_UNDECLARED_SELECTOR = YES;
				GCC_WARN_UNINITIALIZED_AUTOS = YES_AGGRESSIVE;
				GCC_WARN_UNUSED_FUNCTION = YES;
				GCC_WARN_UNUSED_VARIABLE = YES;
				IPHONEOS_DEPLOYMENT_TARGET = 14.5;
				MTL_ENABLE_DEBUG_INFO = INCLUDE_SOURCE;
				MTL_FAST_MATH = YES;
				ONLY_ACTIVE_ARCH = YES;
				SDKROOT = iphoneos;
				SWIFT_ACTIVE_COMPILATION_CONDITIONS = DEBUG;
				SWIFT_OPTIMIZATION_LEVEL = "-Onone";
			};
			name = Debug;
		};
		78177412274555850014B831 /* Release */ = {
			isa = XCBuildConfiguration;
			buildSettings = {
				ALWAYS_SEARCH_USER_PATHS = NO;
				CLANG_ANALYZER_NONNULL = YES;
				CLANG_ANALYZER_NUMBER_OBJECT_CONVERSION = YES_AGGRESSIVE;
				CLANG_CXX_LANGUAGE_STANDARD = "gnu++14";
				CLANG_CXX_LIBRARY = "libc++";
				CLANG_ENABLE_MODULES = YES;
				CLANG_ENABLE_OBJC_ARC = YES;
				CLANG_ENABLE_OBJC_WEAK = YES;
				CLANG_WARN_BLOCK_CAPTURE_AUTORELEASING = YES;
				CLANG_WARN_BOOL_CONVERSION = YES;
				CLANG_WARN_COMMA = YES;
				CLANG_WARN_CONSTANT_CONVERSION = YES;
				CLANG_WARN_DEPRECATED_OBJC_IMPLEMENTATIONS = YES;
				CLANG_WARN_DIRECT_OBJC_ISA_USAGE = YES_ERROR;
				CLANG_WARN_DOCUMENTATION_COMMENTS = YES;
				CLANG_WARN_EMPTY_BODY = YES;
				CLANG_WARN_ENUM_CONVERSION = YES;
				CLANG_WARN_INFINITE_RECURSION = YES;
				CLANG_WARN_INT_CONVERSION = YES;
				CLANG_WARN_NON_LITERAL_NULL_CONVERSION = YES;
				CLANG_WARN_OBJC_IMPLICIT_RETAIN_SELF = YES;
				CLANG_WARN_OBJC_LITERAL_CONVERSION = YES;
				CLANG_WARN_OBJC_ROOT_CLASS = YES_ERROR;
				CLANG_WARN_QUOTED_INCLUDE_IN_FRAMEWORK_HEADER = YES;
				CLANG_WARN_RANGE_LOOP_ANALYSIS = YES;
				CLANG_WARN_STRICT_PROTOTYPES = YES;
				CLANG_WARN_SUSPICIOUS_MOVE = YES;
				CLANG_WARN_UNGUARDED_AVAILABILITY = YES_AGGRESSIVE;
				CLANG_WARN_UNREACHABLE_CODE = YES;
				CLANG_WARN__DUPLICATE_METHOD_MATCH = YES;
				COPY_PHASE_STRIP = NO;
				DEBUG_INFORMATION_FORMAT = "dwarf-with-dsym";
				ENABLE_NS_ASSERTIONS = NO;
				ENABLE_STRICT_OBJC_MSGSEND = YES;
				GCC_C_LANGUAGE_STANDARD = gnu11;
				GCC_NO_COMMON_BLOCKS = YES;
				GCC_WARN_64_TO_32_BIT_CONVERSION = YES;
				GCC_WARN_ABOUT_RETURN_TYPE = YES_ERROR;
				GCC_WARN_UNDECLARED_SELECTOR = YES;
				GCC_WARN_UNINITIALIZED_AUTOS = YES_AGGRESSIVE;
				GCC_WARN_UNUSED_FUNCTION = YES;
				GCC_WARN_UNUSED_VARIABLE = YES;
				IPHONEOS_DEPLOYMENT_TARGET = 14.5;
				MTL_ENABLE_DEBUG_INFO = NO;
				MTL_FAST_MATH = YES;
				SDKROOT = iphoneos;
				SWIFT_COMPILATION_MODE = wholemodule;
				SWIFT_OPTIMIZATION_LEVEL = "-O";
				VALIDATE_PRODUCT = YES;
			};
			name = Release;
		};
		78177414274555850014B831 /* Debug */ = {
			isa = XCBuildConfiguration;
			buildSettings = {
				ASSETCATALOG_COMPILER_APPICON_NAME = AppIcon;
				ASSETCATALOG_COMPILER_GLOBAL_ACCENT_COLOR_NAME = AccentColor;
				CODE_SIGN_STYLE = Automatic;
				DEVELOPMENT_TEAM = DMH7VXAKFF;
				INFOPLIST_FILE = Weather/Info.plist;
				LD_RUNPATH_SEARCH_PATHS = (
					"$(inherited)",
					"@executable_path/Frameworks",
				);
				PRODUCT_BUNDLE_IDENTIFIER = com.Personal.Weather;
				PRODUCT_NAME = "$(TARGET_NAME)";
				SWIFT_VERSION = 5.0;
				TARGETED_DEVICE_FAMILY = "1,2";
			};
			name = Debug;
		};
		78177415274555850014B831 /* Release */ = {
			isa = XCBuildConfiguration;
			buildSettings = {
				ASSETCATALOG_COMPILER_APPICON_NAME = AppIcon;
				ASSETCATALOG_COMPILER_GLOBAL_ACCENT_COLOR_NAME = AccentColor;
				CODE_SIGN_STYLE = Automatic;
				DEVELOPMENT_TEAM = DMH7VXAKFF;
				INFOPLIST_FILE = Weather/Info.plist;
				LD_RUNPATH_SEARCH_PATHS = (
					"$(inherited)",
					"@executable_path/Frameworks",
				);
				PRODUCT_BUNDLE_IDENTIFIER = com.Personal.Weather;
				PRODUCT_NAME = "$(TARGET_NAME)";
				SWIFT_VERSION = 5.0;
				TARGETED_DEVICE_FAMILY = "1,2";
			};
			name = Release;
		};
/* End XCBuildConfiguration section */

/* Begin XCConfigurationList section */
		781773FA274555810014B831 /* Build configuration list for PBXProject "Weather" */ = {
			isa = XCConfigurationList;
			buildConfigurations = (
				78177411274555850014B831 /* Debug */,
				78177412274555850014B831 /* Release */,
			);
			defaultConfigurationIsVisible = 0;
			defaultConfigurationName = Release;
		};
		78177413274555850014B831 /* Build configuration list for PBXNativeTarget "Weather" */ = {
			isa = XCConfigurationList;
			buildConfigurations = (
				78177414274555850014B831 /* Debug */,
				78177415274555850014B831 /* Release */,
			);
			defaultConfigurationIsVisible = 0;
			defaultConfigurationName = Release;
		};
/* End XCConfigurationList section */
	};
	rootObject = 781773F7274555810014B831 /* Project object */;
}
